
Microsoft Visual Studio Solution File, Format Version 12.00
# Visual Studio Version 16
VisualStudioVersion = 16.0.28922.388
MinimumVisualStudioVersion = 10.0.40219.1
Project("{FAE04EC0-301F-11D3-BF4B-00C04F79EFBC}") = "CircularlyDoublyLinkedList", "CircularlyDoublyLinkedList\CircularlyDoublyLinkedList.csproj", "{258C0ADE-E25D-4FE6-99A0-F50FC310EB80}"
EndProject
Global
	GlobalSection(SolutionConfigurationPlatforms) = preSolution
		Debug|Any CPU = Debug|Any CPU
		Release|Any CPU = Release|Any CPU
	EndGlobalSection
	GlobalSection(ProjectConfigurationPlatforms) = postSolution
		{258C0ADE-E25D-4FE6-99A0-F50FC310EB80}.Debug|Any CPU.ActiveCfg = Debug|Any CPU
		{258C0ADE-E25D-4FE6-99A0-F50FC310EB80}.Debug|Any CPU.Build.0 = Debug|Any CPU
		{258C0ADE-E25D-4FE6-99A0-F50FC310EB80}.Release|Any CPU.ActiveCfg = Release|Any CPU
		{258C0ADE-E25D-4FE6-99A0-F50FC310EB80}.Release|Any CPU.Build.0 = Release|Any CPU
	EndGlobalSection
	GlobalSection(SolutionProperties) = preSolution
		HideSolutionNode = FALSE
	EndGlobalSection
	GlobalSection(ExtensibilityGlobals) = postSolution
		SolutionGuid = {BE05BA67-819D-45BD-8856-55A3B11BCBF5}
	EndGlobalSection
EndGlobal
